
Microsoft Visual Studio Solution File, Format Version 12.00
# Visual Studio Version 17
VisualStudioVersion = 17.6.33829.357
MinimumVisualStudioVersion = 10.0.40219.1
Project("{FAE04EC0-301F-11D3-BF4B-00C04F79EFBC}") = "WCan2023Brou_David_G7", "WCan2023Brou_David_G7\WCan2023Brou_David_G7.csproj", "{580BD47C-7BD3-44EC-8355-8B23C08C1C95}"
EndProject
Global
	GlobalSection(SolutionConfigurationPlatforms) = preSolution
		Debug|Any CPU = Debug|Any CPU
		Release|Any CPU = Release|Any CPU
	EndGlobalSection
	GlobalSection(ProjectConfigurationPlatforms) = postSolution
		{580BD47C-7BD3-44EC-8355-8B23C08C1C95}.Debug|Any CPU.ActiveCfg = Debug|Any CPU
		{580BD47C-7BD3-44EC-8355-8B23C08C1C95}.Debug|Any CPU.Build.0 = Debug|Any CPU
		{580BD47C-7BD3-44EC-8355-8B23C08C1C95}.Release|Any CPU.ActiveCfg = Release|Any CPU
		{580BD47C-7BD3-44EC-8355-8B23C08C1C95}.Release|Any CPU.Build.0 = Release|Any CPU
	EndGlobalSection
	GlobalSection(SolutionProperties) = preSolution
		HideSolutionNode = FALSE
	EndGlobalSection
	GlobalSection(ExtensibilityGlobals) = postSolution
		SolutionGuid = {B7D3F3E8-BA8D-4B09-8C9F-227A9B9B051B}
	EndGlobalSection
EndGlobal
